
Microsoft Visual Studio Solution File, Format Version 12.00
# Visual Studio Version 17
VisualStudioVersion = 17.4.33213.308
MinimumVisualStudioVersion = 10.0.40219.1
Project("{FAE04EC0-301F-11D3-BF4B-00C04F79EFBC}") = "EQUAÇAO", "EQUAÇAO.csproj", "{0EA7533F-DFE3-406D-BB94-6A34A0352590}"
EndProject
Global
	GlobalSection(SolutionConfigurationPlatforms) = preSolution
		Debug|Any CPU = Debug|Any CPU
		Release|Any CPU = Release|Any CPU
	EndGlobalSection
	GlobalSection(ProjectConfigurationPlatforms) = postSolution
		{0EA7533F-DFE3-406D-BB94-6A34A0352590}.Debug|Any CPU.ActiveCfg = Debug|Any CPU
		{0EA7533F-DFE3-406D-BB94-6A34A0352590}.Debug|Any CPU.Build.0 = Debug|Any CPU
		{0EA7533F-DFE3-406D-BB94-6A34A0352590}.Release|Any CPU.ActiveCfg = Release|Any CPU
		{0EA7533F-DFE3-406D-BB94-6A34A0352590}.Release|Any CPU.Build.0 = Release|Any CPU
	EndGlobalSection
	GlobalSection(SolutionProperties) = preSolution
		HideSolutionNode = FALSE
	EndGlobalSection
	GlobalSection(ExtensibilityGlobals) = postSolution
		SolutionGuid = {DB4EB160-5F24-4D59-8F98-A7A12ADC2263}
	EndGlobalSection
EndGlobal
